
Microsoft Visual Studio Solution File, Format Version 12.00
# Visual Studio Version 17
VisualStudioVersion = 17.11.35222.181
MinimumVisualStudioVersion = 10.0.40219.1
Project("{FAE04EC0-301F-11D3-BF4B-00C04F79EFBC}") = "AnonymousWindowForm", "AnonymousWindowForm\AnonymousWindowForm.csproj", "{F65BF97D-3550-44FE-9616-66F9768862AE}"
EndProject
Global
	GlobalSection(SolutionConfigurationPlatforms) = preSolution
		Debug|Any CPU = Debug|Any CPU
		Release|Any CPU = Release|Any CPU
	EndGlobalSection
	GlobalSection(ProjectConfigurationPlatforms) = postSolution
		{F65BF97D-3550-44FE-9616-66F9768862AE}.Debug|Any CPU.ActiveCfg = Debug|Any CPU
		{F65BF97D-3550-44FE-9616-66F9768862AE}.Debug|Any CPU.Build.0 = Debug|Any CPU
		{F65BF97D-3550-44FE-9616-66F9768862AE}.Release|Any CPU.ActiveCfg = Release|Any CPU
		{F65BF97D-3550-44FE-9616-66F9768862AE}.Release|Any CPU.Build.0 = Release|Any CPU
	EndGlobalSection
	GlobalSection(SolutionProperties) = preSolution
		HideSolutionNode = FALSE
	EndGlobalSection
	GlobalSection(ExtensibilityGlobals) = postSolution
		SolutionGuid = {78125954-E5E3-4C3A-B166-3567F05A3918}
	EndGlobalSection
EndGlobal
