
Microsoft Visual Studio Solution File, Format Version 12.00
# Visual Studio Version 17
VisualStudioVersion = 17.11.35222.181
MinimumVisualStudioVersion = 10.0.40219.1
Project("{FAE04EC0-301F-11D3-BF4B-00C04F79EFBC}") = "ObjectUsingLinq", "ObjectUsingLinq\ObjectUsingLinq.csproj", "{70DE8B92-63E2-4DD1-9D74-A6C9D67CBE71}"
EndProject
Global
	GlobalSection(SolutionConfigurationPlatforms) = preSolution
		Debug|Any CPU = Debug|Any CPU
		Release|Any CPU = Release|Any CPU
	EndGlobalSection
	GlobalSection(ProjectConfigurationPlatforms) = postSolution
		{70DE8B92-63E2-4DD1-9D74-A6C9D67CBE71}.Debug|Any CPU.ActiveCfg = Debug|Any CPU
		{70DE8B92-63E2-4DD1-9D74-A6C9D67CBE71}.Debug|Any CPU.Build.0 = Debug|Any CPU
		{70DE8B92-63E2-4DD1-9D74-A6C9D67CBE71}.Release|Any CPU.ActiveCfg = Release|Any CPU
		{70DE8B92-63E2-4DD1-9D74-A6C9D67CBE71}.Release|Any CPU.Build.0 = Release|Any CPU
	EndGlobalSection
	GlobalSection(SolutionProperties) = preSolution
		HideSolutionNode = FALSE
	EndGlobalSection
	GlobalSection(ExtensibilityGlobals) = postSolution
		SolutionGuid = {C8524A94-76DF-4622-990D-8304F77CB2E4}
	EndGlobalSection
EndGlobal
